{
  "object": {
    "pins": [
      {
        "package": "swift-cminizip-ng",
        "repositoryURL": "https://github.com/sinoru/swift-cminizip-ng.git",
        "state": {
          "branch": null,
          "revision": "d6b0b99ff157603d297bf3353bcfc431ec2edc32",
          "version": "0.0.5"
        }
      }
    ]
  },
  "version": 1
}
