{
  "object": {
    "pins": [
      {
        "package": "swift-cminizip-ng",
        "repositoryURL": "https://github.com/sinoru/swift-cminizip-ng.git",
        "state": {
          "branch": null,
          "revision": "515df869172537c60e6704beb60bc6750b5bea7e",
          "version": "0.0.6"
        }
      }
    ]
  },
  "version": 1
}
